<?xml version="1.0" encoding="utf-8"?>
<Project ToolsVersion="4.0" xmlns="http://schemas.microsoft.com/developer/msbuild/2003">
  <ItemGroup>
    <Filter Include="Windows">
      <UniqueIdentifier>{5032B729-BC11-36C5-C529-C19B31889C26}</UniqueIdentifier>
    </Filter>
  </ItemGroup>
  <ItemGroup>
    <ClInclude Include="src\GameSmithEditor\EditorCoreLayer.h" />
    <ClInclude Include="src\GameSmithEditor\EngineDependenciesOnly.h" />
    <ClInclude Include="src\GameSmithEditor\Windows\GameViewLayer.h">
      <Filter>Windows</Filter>
    </ClInclude>
    <ClInclude Include="src\GameSmithEditor\Windows\SimulationContentView.h" />
    <ClInclude Include="src\GameSmithEditor\Windows\GameObjectDetails.h" />
    <ClInclude Include="src\GameSmithEditor\CustomWidgets\ReferenceInputWidget.h" />
    <ClInclude Include="src\GameSmithEditor\SampleComponents\OrbitScript.h" />
  </ItemGroup>
  <ItemGroup>
    <ClCompile Include="src\GameSmithEditor\EditorApp.cpp" />
    <ClCompile Include="src\GameSmithEditor\EditorCoreLayer.cpp" />
    <ClCompile Include="src\GameSmithEditor\Windows\GameViewLayer.cpp">
      <Filter>Windows</Filter>
    </ClCompile>
    <ClCompile Include="src\GameSmithEditor\Windows\SimulationContentView.cpp" />
    <ClCompile Include="src\GameSmithEditor\Windows\GameObjectDetails.cpp" />
    <ClCompile Include="src\GameSmithEditor\CustomWidgets\ReferenceInputWidget.cpp" />
    <ClCompile Include="src\GameSmithEditor\SampleComponents\OrbitScript.cpp" />
  </ItemGroup>
</Project>