<?xml version="1.0" encoding="utf-8"?>
<Project ToolsVersion="4.0" xmlns="http://schemas.microsoft.com/developer/msbuild/2003">
  <ItemGroup>
    <Filter Include="Core">
      <UniqueIdentifier>{2EB4837C-1AEB-840D-C3D7-6A10AFED000F}</UniqueIdentifier>
    </Filter>
    <Filter Include="CustomWidgets">
      <UniqueIdentifier>{B76BC48E-232C-40C5-EC66-894258E684A1}</UniqueIdentifier>
    </Filter>
    <Filter Include="Icons">
      <UniqueIdentifier>{412D600D-AD41-88BE-76C3-2B1EE29684EF}</UniqueIdentifier>
    </Filter>
    <Filter Include="SampleComponents">
      <UniqueIdentifier>{CD946AAA-B98D-89FC-E2BF-6E81CE176908}</UniqueIdentifier>
    </Filter>
    <Filter Include="Utils">
      <UniqueIdentifier>{F68B420E-62A0-6ABF-2B22-0E1F97F566F0}</UniqueIdentifier>
    </Filter>
    <Filter Include="Windows">
      <UniqueIdentifier>{5032B729-BC11-36C5-C529-C19B31889C26}</UniqueIdentifier>
    </Filter>
  </ItemGroup>
  <ItemGroup>
    <ClInclude Include="src\GameSmithEditor\Core\EditorCoreLayer.h">
      <Filter>Core</Filter>
    </ClInclude>
    <ClInclude Include="src\GameSmithEditor\Core\EditorMenu.h">
      <Filter>Core</Filter>
    </ClInclude>
    <ClInclude Include="src\GameSmithEditor\Core\GameProject.h">
      <Filter>Core</Filter>
    </ClInclude>
    <ClInclude Include="src\GameSmithEditor\CustomWidgets\ReferenceInputWidget.h">
      <Filter>CustomWidgets</Filter>
    </ClInclude>
    <ClInclude Include="src\GameSmithEditor\Icons\IconManager.h">
      <Filter>Icons</Filter>
    </ClInclude>
    <ClInclude Include="src\GameSmithEditor\SampleComponents\BurstOrbitScript.h">
      <Filter>SampleComponents</Filter>
    </ClInclude>
    <ClInclude Include="src\GameSmithEditor\SampleComponents\OrbitScript.h">
      <Filter>SampleComponents</Filter>
    </ClInclude>
    <ClInclude Include="src\GameSmithEditor\Utils\SystemCallUtils.h">
      <Filter>Utils</Filter>
    </ClInclude>
    <ClInclude Include="src\GameSmithEditor\Windows\AccessibleWindows.h">
      <Filter>Windows</Filter>
    </ClInclude>
    <ClInclude Include="src\GameSmithEditor\Windows\AssetDatabaseWindow.h">
      <Filter>Windows</Filter>
    </ClInclude>
    <ClInclude Include="src\GameSmithEditor\Windows\ContentView.h">
      <Filter>Windows</Filter>
    </ClInclude>
    <ClInclude Include="src\GameSmithEditor\Windows\EditorWindow.h">
      <Filter>Windows</Filter>
    </ClInclude>
    <ClInclude Include="src\GameSmithEditor\Windows\GameViewLayer.h">
      <Filter>Windows</Filter>
    </ClInclude>
    <ClInclude Include="src\GameSmithEditor\Windows\Inspector.h">
      <Filter>Windows</Filter>
    </ClInclude>
  </ItemGroup>
  <ItemGroup>
    <ClCompile Include="src\GameSmithEditor\Core\EditorApp.cpp">
      <Filter>Core</Filter>
    </ClCompile>
    <ClCompile Include="src\GameSmithEditor\Core\EditorCoreLayer.cpp">
      <Filter>Core</Filter>
    </ClCompile>
    <ClCompile Include="src\GameSmithEditor\Core\EditorMenu.cpp">
      <Filter>Core</Filter>
    </ClCompile>
    <ClCompile Include="src\GameSmithEditor\Core\GameProject.cpp">
      <Filter>Core</Filter>
    </ClCompile>
    <ClCompile Include="src\GameSmithEditor\CustomWidgets\ReferenceInputWidget.cpp">
      <Filter>CustomWidgets</Filter>
    </ClCompile>
    <ClCompile Include="src\GameSmithEditor\Icons\IconManager.cpp">
      <Filter>Icons</Filter>
    </ClCompile>
    <ClCompile Include="src\GameSmithEditor\SampleComponents\BurstOrbitScript.cpp">
      <Filter>SampleComponents</Filter>
    </ClCompile>
    <ClCompile Include="src\GameSmithEditor\SampleComponents\OrbitScript.cpp">
      <Filter>SampleComponents</Filter>
    </ClCompile>
    <ClCompile Include="src\GameSmithEditor\Utils\SystemCallUtils.cpp">
      <Filter>Utils</Filter>
    </ClCompile>
    <ClCompile Include="src\GameSmithEditor\Windows\AssetDatabaseWindow.cpp">
      <Filter>Windows</Filter>
    </ClCompile>
    <ClCompile Include="src\GameSmithEditor\Windows\ContentView.cpp">
      <Filter>Windows</Filter>
    </ClCompile>
    <ClCompile Include="src\GameSmithEditor\Windows\GameViewLayer.cpp">
      <Filter>Windows</Filter>
    </ClCompile>
    <ClCompile Include="src\GameSmithEditor\Windows\Inspector.cpp">
      <Filter>Windows</Filter>
    </ClCompile>
  </ItemGroup>
</Project>