
Microsoft Visual Studio Solution File, Format Version 12.00
# Visual Studio Version 17
Project("{2150E333-8FDC-42A3-9474-1A3956D46DE8}") = "Core", "Core", "{15A0C35D-0158-05AB-6A5F-DE065636A09B}"
EndProject
Project("{8BC9CEB8-8B4A-11D0-8D11-00A0C91BC942}") = "GameSmithEngine", "GameSmithEngine\GameSmithEngine.vcxproj", "{1A2CD029-86B7-3DEE-8FC8-C0E2FBD299EE}"
EndProject
Project("{8BC9CEB8-8B4A-11D0-8D11-00A0C91BC942}") = "GameSmithEngineStatic", "GameSmithEngine\GameSmithEngineStatic.vcxproj", "{62CAB1E3-CE36-6DDE-972A-053C03568F46}"
EndProject
Project("{2150E333-8FDC-42A3-9474-1A3956D46DE8}") = "Dependencies", "Dependencies", "{53E47842-3FC8-3998-A828-34EB942B241A}"
EndProject
Project("{8BC9CEB8-8B4A-11D0-8D11-00A0C91BC942}") = "ImGui", "GameSmithEngine\third-party\imgui\ImGui.vcxproj", "{C0FF640D-2C14-8DBE-F595-301E616989EF}"
EndProject
Project("{2150E333-8FDC-42A3-9474-1A3956D46DE8}") = "Misc", "Misc", "{7802C95D-64BA-0AAB-CDC1-E306B998A59B}"
EndProject
Project("{8BC9CEB8-8B4A-11D0-8D11-00A0C91BC942}") = "GameSmithEngineTestSuite", "GameSmithEngineTestSuite\GameSmithEngineTestSuite.vcxproj", "{4416C285-303B-1106-5986-F695450A1024}"
EndProject
Project("{8BC9CEB8-8B4A-11D0-8D11-00A0C91BC942}") = "GoogleTest", "GameSmithEngineTestSuite\GoogleTest.vcxproj", "{A2790B43-8E31-4D90-F738-26ECE30FE880}"
EndProject
Project("{8BC9CEB8-8B4A-11D0-8D11-00A0C91BC942}") = "TestZone", "TestZone\TestZone.vcxproj", "{A1B7AE74-8D84-0980-B69D-F727A2C93E0E}"
EndProject
Project("{2150E333-8FDC-42A3-9474-1A3956D46DE8}") = "Tools", "Tools", "{DD376B17-49ED-E30C-D2E1-DDE33E96DA10}"
EndProject
Project("{8BC9CEB8-8B4A-11D0-8D11-00A0C91BC942}") = "GameSmithEditor", "GameSmithEditor\GameSmithEditor.vcxproj", "{CB7E1C29-370A-8AED-401B-0DE2AC25E6ED}"
EndProject
Global
	GlobalSection(SolutionConfigurationPlatforms) = preSolution
		Debug|x64 = Debug|x64
		Dist|x64 = Dist|x64
		Release|x64 = Release|x64
	EndGlobalSection
	GlobalSection(ProjectConfigurationPlatforms) = postSolution
		{1A2CD029-86B7-3DEE-8FC8-C0E2FBD299EE}.Debug|x64.ActiveCfg = Debug|x64
		{1A2CD029-86B7-3DEE-8FC8-C0E2FBD299EE}.Debug|x64.Build.0 = Debug|x64
		{1A2CD029-86B7-3DEE-8FC8-C0E2FBD299EE}.Dist|x64.ActiveCfg = Dist|x64
		{1A2CD029-86B7-3DEE-8FC8-C0E2FBD299EE}.Dist|x64.Build.0 = Dist|x64
		{1A2CD029-86B7-3DEE-8FC8-C0E2FBD299EE}.Release|x64.ActiveCfg = Release|x64
		{1A2CD029-86B7-3DEE-8FC8-C0E2FBD299EE}.Release|x64.Build.0 = Release|x64
		{62CAB1E3-CE36-6DDE-972A-053C03568F46}.Debug|x64.ActiveCfg = Debug|x64
		{62CAB1E3-CE36-6DDE-972A-053C03568F46}.Debug|x64.Build.0 = Debug|x64
		{62CAB1E3-CE36-6DDE-972A-053C03568F46}.Dist|x64.ActiveCfg = Dist|x64
		{62CAB1E3-CE36-6DDE-972A-053C03568F46}.Dist|x64.Build.0 = Dist|x64
		{62CAB1E3-CE36-6DDE-972A-053C03568F46}.Release|x64.ActiveCfg = Release|x64
		{62CAB1E3-CE36-6DDE-972A-053C03568F46}.Release|x64.Build.0 = Release|x64
		{C0FF640D-2C14-8DBE-F595-301E616989EF}.Debug|x64.ActiveCfg = Debug|x64
		{C0FF640D-2C14-8DBE-F595-301E616989EF}.Debug|x64.Build.0 = Debug|x64
		{C0FF640D-2C14-8DBE-F595-301E616989EF}.Dist|x64.ActiveCfg = Dist|x64
		{C0FF640D-2C14-8DBE-F595-301E616989EF}.Dist|x64.Build.0 = Dist|x64
		{C0FF640D-2C14-8DBE-F595-301E616989EF}.Release|x64.ActiveCfg = Release|x64
		{C0FF640D-2C14-8DBE-F595-301E616989EF}.Release|x64.Build.0 = Release|x64
		{4416C285-303B-1106-5986-F695450A1024}.Debug|x64.ActiveCfg = Debug|x64
		{4416C285-303B-1106-5986-F695450A1024}.Debug|x64.Build.0 = Debug|x64
		{4416C285-303B-1106-5986-F695450A1024}.Dist|x64.ActiveCfg = Dist|x64
		{4416C285-303B-1106-5986-F695450A1024}.Dist|x64.Build.0 = Dist|x64
		{4416C285-303B-1106-5986-F695450A1024}.Release|x64.ActiveCfg = Release|x64
		{4416C285-303B-1106-5986-F695450A1024}.Release|x64.Build.0 = Release|x64
		{A2790B43-8E31-4D90-F738-26ECE30FE880}.Debug|x64.ActiveCfg = Debug|x64
		{A2790B43-8E31-4D90-F738-26ECE30FE880}.Debug|x64.Build.0 = Debug|x64
		{A2790B43-8E31-4D90-F738-26ECE30FE880}.Dist|x64.ActiveCfg = Dist|x64
		{A2790B43-8E31-4D90-F738-26ECE30FE880}.Dist|x64.Build.0 = Dist|x64
		{A2790B43-8E31-4D90-F738-26ECE30FE880}.Release|x64.ActiveCfg = Release|x64
		{A2790B43-8E31-4D90-F738-26ECE30FE880}.Release|x64.Build.0 = Release|x64
		{A1B7AE74-8D84-0980-B69D-F727A2C93E0E}.Debug|x64.ActiveCfg = Debug|x64
		{A1B7AE74-8D84-0980-B69D-F727A2C93E0E}.Debug|x64.Build.0 = Debug|x64
		{A1B7AE74-8D84-0980-B69D-F727A2C93E0E}.Dist|x64.ActiveCfg = Dist|x64
		{A1B7AE74-8D84-0980-B69D-F727A2C93E0E}.Dist|x64.Build.0 = Dist|x64
		{A1B7AE74-8D84-0980-B69D-F727A2C93E0E}.Release|x64.ActiveCfg = Release|x64
		{A1B7AE74-8D84-0980-B69D-F727A2C93E0E}.Release|x64.Build.0 = Release|x64
		{CB7E1C29-370A-8AED-401B-0DE2AC25E6ED}.Debug|x64.ActiveCfg = Debug|x64
		{CB7E1C29-370A-8AED-401B-0DE2AC25E6ED}.Debug|x64.Build.0 = Debug|x64
		{CB7E1C29-370A-8AED-401B-0DE2AC25E6ED}.Dist|x64.ActiveCfg = Dist|x64
		{CB7E1C29-370A-8AED-401B-0DE2AC25E6ED}.Dist|x64.Build.0 = Dist|x64
		{CB7E1C29-370A-8AED-401B-0DE2AC25E6ED}.Release|x64.ActiveCfg = Release|x64
		{CB7E1C29-370A-8AED-401B-0DE2AC25E6ED}.Release|x64.Build.0 = Release|x64
	EndGlobalSection
	GlobalSection(SolutionProperties) = preSolution
		HideSolutionNode = FALSE
	EndGlobalSection
	GlobalSection(NestedProjects) = preSolution
		{1A2CD029-86B7-3DEE-8FC8-C0E2FBD299EE} = {15A0C35D-0158-05AB-6A5F-DE065636A09B}
		{62CAB1E3-CE36-6DDE-972A-053C03568F46} = {15A0C35D-0158-05AB-6A5F-DE065636A09B}
		{C0FF640D-2C14-8DBE-F595-301E616989EF} = {53E47842-3FC8-3998-A828-34EB942B241A}
		{4416C285-303B-1106-5986-F695450A1024} = {7802C95D-64BA-0AAB-CDC1-E306B998A59B}
		{A2790B43-8E31-4D90-F738-26ECE30FE880} = {7802C95D-64BA-0AAB-CDC1-E306B998A59B}
		{A1B7AE74-8D84-0980-B69D-F727A2C93E0E} = {7802C95D-64BA-0AAB-CDC1-E306B998A59B}
		{CB7E1C29-370A-8AED-401B-0DE2AC25E6ED} = {DD376B17-49ED-E30C-D2E1-DDE33E96DA10}
	EndGlobalSection
EndGlobal
