<?xml version="1.0" encoding="utf-8"?>
<Project ToolsVersion="4.0" xmlns="http://schemas.microsoft.com/developer/msbuild/2003">
  <ItemGroup>
    <Filter Include="Source Files">
      <UniqueIdentifier>{4FC737F1-C7A5-4376-A066-2A32D752A2FF}</UniqueIdentifier>
      <Extensions>cpp;c;cc;cxx;c++;cppm;ixx;def;odl;idl;hpj;bat;asm;asmx</Extensions>
    </Filter>
    <Filter Include="Header Files">
      <UniqueIdentifier>{93995380-89BD-4b04-88EB-625FBE52EBFB}</UniqueIdentifier>
      <Extensions>h;hh;hpp;hxx;h++;hm;inl;inc;ipp;xsd</Extensions>
    </Filter>
    <Filter Include="Resource Files">
      <UniqueIdentifier>{67DA6AB6-F800-4c08-8B7A-83BB121AAD01}</UniqueIdentifier>
      <Extensions>rc;ico;cur;bmp;dlg;rc2;rct;bin;rgs;gif;jpg;jpeg;jpe;resx;tiff;tif;png;wav;mfcribbon-ms</Extensions>
    </Filter>
    <Filter Include="Header Files\Rendering">
      <UniqueIdentifier>{9f7ca236-dbd2-4459-a37c-e14134edf854}</UniqueIdentifier>
    </Filter>
    <Filter Include="Header Files\Application">
      <UniqueIdentifier>{3d6809f8-ec82-4318-a36a-0bfcafc51a57}</UniqueIdentifier>
    </Filter>
    <Filter Include="Header Files\Application\GUI">
      <UniqueIdentifier>{a9897519-6db9-4ccf-ad2e-cd701b2812aa}</UniqueIdentifier>
    </Filter>
    <Filter Include="Source Files\Rendering">
      <UniqueIdentifier>{b7789a78-f862-420a-b0cd-3520431fc80f}</UniqueIdentifier>
    </Filter>
    <Filter Include="Source Files\Application">
      <UniqueIdentifier>{11078308-9d8e-477e-96c1-b377866c631c}</UniqueIdentifier>
    </Filter>
    <Filter Include="Source Files\Application\GUI">
      <UniqueIdentifier>{f2a36d28-1a98-4fab-bbff-5f28b0a8e7f1}</UniqueIdentifier>
    </Filter>
    <Filter Include="Header Files\Rendering\DirectX">
      <UniqueIdentifier>{8f946aed-175f-4b90-ac0a-b274785590d2}</UniqueIdentifier>
    </Filter>
    <Filter Include="Source Files\Rendering\DirectX">
      <UniqueIdentifier>{b3c68d67-0b3b-4f7f-85ac-956685ddb86a}</UniqueIdentifier>
    </Filter>
    <Filter Include="Header Files\Util">
      <UniqueIdentifier>{c00e1205-0c82-446f-a78c-1a121f462603}</UniqueIdentifier>
    </Filter>
    <Filter Include="Header Files\Util\DirectXUtils">
      <UniqueIdentifier>{e7b82390-8f8a-47dc-8b3f-1341e6fcae62}</UniqueIdentifier>
    </Filter>
  </ItemGroup>
  <ItemGroup>
    <ClInclude Include="framework.h">
      <Filter>Header Files</Filter>
    </ClInclude>
    <ClInclude Include="targetver.h">
      <Filter>Header Files</Filter>
    </ClInclude>
    <ClInclude Include="Resource.h">
      <Filter>Header Files</Filter>
    </ClInclude>
    <ClInclude Include="PreWin.h">
      <Filter>Header Files</Filter>
    </ClInclude>
    <ClInclude Include="MainException.h">
      <Filter>Header Files</Filter>
    </ClInclude>
    <ClInclude Include="Renderer.h">
      <Filter>Header Files\Rendering</Filter>
    </ClInclude>
    <ClInclude Include="Renderers.h">
      <Filter>Header Files\Rendering</Filter>
    </ClInclude>
    <ClInclude Include="Keyboard.h">
      <Filter>Header Files\Application\GUI</Filter>
    </ClInclude>
    <ClInclude Include="Mouse.h">
      <Filter>Header Files\Application\GUI</Filter>
    </ClInclude>
    <ClInclude Include="Window.h">
      <Filter>Header Files\Application\GUI</Filter>
    </ClInclude>
    <ClInclude Include="WindowMacros.h">
      <Filter>Header Files\Application\GUI</Filter>
    </ClInclude>
    <ClInclude Include="RenderApplication.h">
      <Filter>Header Files\Application</Filter>
    </ClInclude>
    <ClInclude Include="Timer.h">
      <Filter>Header Files\Application\GUI</Filter>
    </ClInclude>
    <ClInclude Include="DirectXMacros.h">
      <Filter>Header Files\Rendering\DirectX</Filter>
    </ClInclude>
    <ClInclude Include="DirectXRenderer.h">
      <Filter>Header Files\Rendering\DirectX</Filter>
    </ClInclude>
    <ClInclude Include="d3dx12.h">
      <Filter>Header Files\Util\DirectXUtils</Filter>
    </ClInclude>
    <ClInclude Include="DirectXCommandQueue.h">
      <Filter>Header Files\Rendering\DirectX</Filter>
    </ClInclude>
  </ItemGroup>
  <ItemGroup>
    <ClCompile Include="WinMain.cpp">
      <Filter>Source Files</Filter>
    </ClCompile>
    <ClCompile Include="MainException.cpp">
      <Filter>Source Files</Filter>
    </ClCompile>
    <ClCompile Include="Keyboard.cpp">
      <Filter>Source Files\Application\GUI</Filter>
    </ClCompile>
    <ClCompile Include="Mouse.cpp">
      <Filter>Source Files\Application\GUI</Filter>
    </ClCompile>
    <ClCompile Include="Window.cpp">
      <Filter>Source Files\Application\GUI</Filter>
    </ClCompile>
    <ClCompile Include="RenderApplication.cpp">
      <Filter>Source Files\Application</Filter>
    </ClCompile>
    <ClCompile Include="Timer.cpp">
      <Filter>Source Files\Application\GUI</Filter>
    </ClCompile>
    <ClCompile Include="DirectXRenderer.cpp">
      <Filter>Source Files\Rendering\DirectX</Filter>
    </ClCompile>
    <ClCompile Include="DirectXCommandQueue.cpp">
      <Filter>Source Files\Rendering\DirectX</Filter>
    </ClCompile>
  </ItemGroup>
  <ItemGroup>
    <ResourceCompile Include="3DRendering.rc">
      <Filter>Resource Files</Filter>
    </ResourceCompile>
  </ItemGroup>
  <ItemGroup>
    <Image Include="small.ico">
      <Filter>Resource Files</Filter>
    </Image>
    <Image Include="3DRendering.ico">
      <Filter>Resource Files</Filter>
    </Image>
    <Image Include="renderBox.ico">
      <Filter>Resource Files</Filter>
    </Image>
  </ItemGroup>
</Project>