<?xml version="1.0" encoding="utf-8"?>
<Project ToolsVersion="4.0" xmlns="http://schemas.microsoft.com/developer/msbuild/2003">
  <ItemGroup>
    <Filter Include="ProjectGE">
      <UniqueIdentifier>{C8BC6FED-3427-2464-7D65-D509E90E02B9}</UniqueIdentifier>
    </Filter>
    <Filter Include="ProjectGE\Events">
      <UniqueIdentifier>{AC37C851-9830-E7A3-C162-CC28ADBAC6AF}</UniqueIdentifier>
    </Filter>
    <Filter Include="ProjectGE\Platform">
      <UniqueIdentifier>{1CDAD200-08BE-9356-711E-8EA95D217ED8}</UniqueIdentifier>
    </Filter>
    <Filter Include="ProjectGE\Platform\Window">
      <UniqueIdentifier>{83EF987B-EFB1-CC05-3862-5B92A463A5E3}</UniqueIdentifier>
    </Filter>
  </ItemGroup>
  <ItemGroup>
    <ClInclude Include="src\ProjectGE.h" />
    <ClInclude Include="src\ProjectGE\Application.h">
      <Filter>ProjectGE</Filter>
    </ClInclude>
    <ClInclude Include="src\ProjectGE\Core.h">
      <Filter>ProjectGE</Filter>
    </ClInclude>
    <ClInclude Include="src\ProjectGE\EntryPoint.h">
      <Filter>ProjectGE</Filter>
    </ClInclude>
    <ClInclude Include="src\ProjectGE\Events\ApplicationEvents.h">
      <Filter>ProjectGE\Events</Filter>
    </ClInclude>
    <ClInclude Include="src\ProjectGE\Events\Event.h">
      <Filter>ProjectGE\Events</Filter>
    </ClInclude>
    <ClInclude Include="src\ProjectGE\Events\KeyboardEvents.h">
      <Filter>ProjectGE\Events</Filter>
    </ClInclude>
    <ClInclude Include="src\ProjectGE\Events\MouseEvents.h">
      <Filter>ProjectGE\Events</Filter>
    </ClInclude>
    <ClInclude Include="src\ProjectGE\Layer.h">
      <Filter>ProjectGE</Filter>
    </ClInclude>
    <ClInclude Include="src\ProjectGE\Log.h">
      <Filter>ProjectGE</Filter>
    </ClInclude>
    <ClInclude Include="src\ProjectGE\MixStack.h">
      <Filter>ProjectGE</Filter>
    </ClInclude>
    <ClInclude Include="src\ProjectGE\Platform\Window\WindowsWindow.h">
      <Filter>ProjectGE\Platform\Window</Filter>
    </ClInclude>
    <ClInclude Include="src\ProjectGE\Platform\Window\resource.h">
      <Filter>ProjectGE\Platform\Window</Filter>
    </ClInclude>
    <ClInclude Include="src\ProjectGE\Window.h">
      <Filter>ProjectGE</Filter>
    </ClInclude>
    <ClInclude Include="src\gepch.h" />
  </ItemGroup>
  <ItemGroup>
    <ClCompile Include="src\ProjectGE\Application.cpp">
      <Filter>ProjectGE</Filter>
    </ClCompile>
    <ClCompile Include="src\ProjectGE\Layer.cpp">
      <Filter>ProjectGE</Filter>
    </ClCompile>
    <ClCompile Include="src\ProjectGE\Log.cpp">
      <Filter>ProjectGE</Filter>
    </ClCompile>
    <ClCompile Include="src\ProjectGE\Platform\Window\WindowsWindow.cpp">
      <Filter>ProjectGE\Platform\Window</Filter>
    </ClCompile>
    <ClCompile Include="src\gepch.cpp" />
  </ItemGroup>
</Project>