<?xml version="1.0" encoding="utf-8"?>
<Project ToolsVersion="4.0" xmlns="http://schemas.microsoft.com/developer/msbuild/2003">
  <ItemGroup>
    <Filter Include="ProjectGE">
      <UniqueIdentifier>{C8BC6FED-3427-2464-7D65-D509E90E02B9}</UniqueIdentifier>
    </Filter>
    <Filter Include="ProjectGE\Events">
      <UniqueIdentifier>{AC37C851-9830-E7A3-C162-CC28ADBAC6AF}</UniqueIdentifier>
    </Filter>
  </ItemGroup>
  <ItemGroup>
    <ClInclude Include="src\ProjectGE.h" />
    <ClInclude Include="src\ProjectGE\Application.h">
      <Filter>ProjectGE</Filter>
    </ClInclude>
    <ClInclude Include="src\ProjectGE\Core.h">
      <Filter>ProjectGE</Filter>
    </ClInclude>
    <ClInclude Include="src\ProjectGE\EntryPoint.h">
      <Filter>ProjectGE</Filter>
    </ClInclude>
    <ClInclude Include="src\ProjectGE\Events\Event.h">
      <Filter>ProjectGE\Events</Filter>
    </ClInclude>
    <ClInclude Include="src\ProjectGE\Events\KeyboardEvents.h">
      <Filter>ProjectGE\Events</Filter>
    </ClInclude>
    <ClInclude Include="src\ProjectGE\Events\MouseEvent.h">
      <Filter>ProjectGE\Events</Filter>
    </ClInclude>
    <ClInclude Include="src\ProjectGE\Log.h">
      <Filter>ProjectGE</Filter>
    </ClInclude>
  </ItemGroup>
  <ItemGroup>
    <ClCompile Include="src\ProjectGE\Application.cpp">
      <Filter>ProjectGE</Filter>
    </ClCompile>
    <ClCompile Include="src\ProjectGE\Log.cpp">
      <Filter>ProjectGE</Filter>
    </ClCompile>
  </ItemGroup>
</Project>